
Microsoft Visual Studio Solution File, Format Version 12.00
# Visual Studio Version 16
VisualStudioVersion = 16.0.28714.193
MinimumVisualStudioVersion = 10.0.40219.1
Project("{9A19103F-16F7-4668-BE54-9A1E7A4F7556}") = "Nemesis.API", "Nemesis\Nemesis.API.csproj", "{D8947AA5-5084-42F5-B63E-BF6CF05D1277}"
EndProject
Project("{2150E333-8FDC-42A3-9474-1A3956D46DE8}") = "01 - Common", "01 - Common", "{B86F20D9-9304-49A9-AD21-0FB831045C32}"
EndProject
Project("{2150E333-8FDC-42A3-9474-1A3956D46DE8}") = "02 - Persistence", "02 - Persistence", "{2787E8D0-7AE3-46F8-914C-D412DA1045D2}"
EndProject
Project("{2150E333-8FDC-42A3-9474-1A3956D46DE8}") = "03 - Business", "03 - Business", "{D16165E4-B58D-4289-B458-9698EA3FC8B8}"
EndProject
Project("{2150E333-8FDC-42A3-9474-1A3956D46DE8}") = "04 - Integration", "04 - Integration", "{29420A9E-72A8-4639-A50A-916957BFD772}"
EndProject
Project("{2150E333-8FDC-42A3-9474-1A3956D46DE8}") = "05 - API", "05 - API", "{88FE7DFD-DB0F-4EA0-874D-A6484A97EEA8}"
EndProject
Project("{9A19103F-16F7-4668-BE54-9A1E7A4F7556}") = "Nemesis.DAL", "Nemesis.DAL\Nemesis.DAL.csproj", "{BFBD0E52-72A6-4565-8D63-A4BD0547FCB0}"
EndProject
Project("{9A19103F-16F7-4668-BE54-9A1E7A4F7556}") = "Nemesis.Services", "Nemesis.Service\Nemesis.Services.csproj", "{86B1713E-F28C-40C3-9D65-D035E980CA51}"
EndProject
Project("{9A19103F-16F7-4668-BE54-9A1E7A4F7556}") = "Nemesis.IServices", "Nemesis.IServices\Nemesis.IServices.csproj", "{E4C4D45A-A5CD-4813-8D94-3FCBD61BCDD0}"
EndProject
Project("{9A19103F-16F7-4668-BE54-9A1E7A4F7556}") = "Nemesis.Dtos", "Nemesis.Dtos\Nemesis.Dtos.csproj", "{12883A7A-0AFD-4A71-9718-C9AA7CA7FAEE}"
EndProject
Project("{9A19103F-16F7-4668-BE54-9A1E7A4F7556}") = "Nemesis.Mapper", "Nemesis.Mapper\Nemesis.Mapper.csproj", "{BA3C185C-090C-44D2-A18A-D0488E72ED45}"
EndProject
Project("{9A19103F-16F7-4668-BE54-9A1E7A4F7556}") = "Nemesis.Mapper.Test", "Nemesis.Mapper.Test\Nemesis.Mapper.Test.csproj", "{B9664688-FFAD-496A-BDBC-00579CCA24AD}"
EndProject
Project("{9A19103F-16F7-4668-BE54-9A1E7A4F7556}") = "Nemesis.Integration.Test", "Nemesis.Integration.Test\Nemesis.Integration.Test.csproj", "{212AF4B2-F2B5-43D7-8C74-F2EFC1CA40CF}"
EndProject
Project("{9A19103F-16F7-4668-BE54-9A1E7A4F7556}") = "Nemesis.Integration", "Nemesis.Integration\Nemesis.Integration.csproj", "{AC436B9C-0498-4252-B5A8-F9A5B11D35BB}"
EndProject
Project("{9A19103F-16F7-4668-BE54-9A1E7A4F7556}") = "Nemesis.Services.Test", "Nemesis.Services.Test\Nemesis.Services.Test.csproj", "{872D03F5-4618-47D7-9F51-F519EA7F6E73}"
EndProject
Project("{9A19103F-16F7-4668-BE54-9A1E7A4F7556}") = "Nemesis.Utils", "Nemesis.Utils\Nemesis.Utils.csproj", "{C8E37277-1712-4392-930D-91574F0A7939}"
EndProject
Project("{9A19103F-16F7-4668-BE54-9A1E7A4F7556}") = "Nemesis.API.Test", "Nemesis.API.Test\Nemesis.API.Test.csproj", "{4194FF68-46E0-4D42-8222-075959508CC4}"
EndProject
Project("{9A19103F-16F7-4668-BE54-9A1E7A4F7556}") = "Transactions", "Transactions\Transactions.csproj", "{6EE0549F-9F37-41A5-867C-78BCC6E9698F}"
EndProject
Project("{9A19103F-16F7-4668-BE54-9A1E7A4F7556}") = "Nemesis.Security", "Nemesis.Security\Nemesis.Security.csproj", "{3BF81042-7116-4FCE-8B5A-748A587F4FF3}"
EndProject
Global
	GlobalSection(SolutionConfigurationPlatforms) = preSolution
		Debug|Any CPU = Debug|Any CPU
		Release|Any CPU = Release|Any CPU
	EndGlobalSection
	GlobalSection(ProjectConfigurationPlatforms) = postSolution
		{D8947AA5-5084-42F5-B63E-BF6CF05D1277}.Debug|Any CPU.ActiveCfg = Debug|Any CPU
		{D8947AA5-5084-42F5-B63E-BF6CF05D1277}.Debug|Any CPU.Build.0 = Debug|Any CPU
		{D8947AA5-5084-42F5-B63E-BF6CF05D1277}.Release|Any CPU.ActiveCfg = Release|Any CPU
		{D8947AA5-5084-42F5-B63E-BF6CF05D1277}.Release|Any CPU.Build.0 = Release|Any CPU
		{BFBD0E52-72A6-4565-8D63-A4BD0547FCB0}.Debug|Any CPU.ActiveCfg = Debug|Any CPU
		{BFBD0E52-72A6-4565-8D63-A4BD0547FCB0}.Debug|Any CPU.Build.0 = Debug|Any CPU
		{BFBD0E52-72A6-4565-8D63-A4BD0547FCB0}.Release|Any CPU.ActiveCfg = Release|Any CPU
		{BFBD0E52-72A6-4565-8D63-A4BD0547FCB0}.Release|Any CPU.Build.0 = Release|Any CPU
		{86B1713E-F28C-40C3-9D65-D035E980CA51}.Debug|Any CPU.ActiveCfg = Debug|Any CPU
		{86B1713E-F28C-40C3-9D65-D035E980CA51}.Debug|Any CPU.Build.0 = Debug|Any CPU
		{86B1713E-F28C-40C3-9D65-D035E980CA51}.Release|Any CPU.ActiveCfg = Release|Any CPU
		{86B1713E-F28C-40C3-9D65-D035E980CA51}.Release|Any CPU.Build.0 = Release|Any CPU
		{E4C4D45A-A5CD-4813-8D94-3FCBD61BCDD0}.Debug|Any CPU.ActiveCfg = Debug|Any CPU
		{E4C4D45A-A5CD-4813-8D94-3FCBD61BCDD0}.Debug|Any CPU.Build.0 = Debug|Any CPU
		{E4C4D45A-A5CD-4813-8D94-3FCBD61BCDD0}.Release|Any CPU.ActiveCfg = Release|Any CPU
		{E4C4D45A-A5CD-4813-8D94-3FCBD61BCDD0}.Release|Any CPU.Build.0 = Release|Any CPU
		{12883A7A-0AFD-4A71-9718-C9AA7CA7FAEE}.Debug|Any CPU.ActiveCfg = Debug|Any CPU
		{12883A7A-0AFD-4A71-9718-C9AA7CA7FAEE}.Debug|Any CPU.Build.0 = Debug|Any CPU
		{12883A7A-0AFD-4A71-9718-C9AA7CA7FAEE}.Release|Any CPU.ActiveCfg = Release|Any CPU
		{12883A7A-0AFD-4A71-9718-C9AA7CA7FAEE}.Release|Any CPU.Build.0 = Release|Any CPU
		{BA3C185C-090C-44D2-A18A-D0488E72ED45}.Debug|Any CPU.ActiveCfg = Debug|Any CPU
		{BA3C185C-090C-44D2-A18A-D0488E72ED45}.Debug|Any CPU.Build.0 = Debug|Any CPU
		{BA3C185C-090C-44D2-A18A-D0488E72ED45}.Release|Any CPU.ActiveCfg = Release|Any CPU
		{BA3C185C-090C-44D2-A18A-D0488E72ED45}.Release|Any CPU.Build.0 = Release|Any CPU
		{B9664688-FFAD-496A-BDBC-00579CCA24AD}.Debug|Any CPU.ActiveCfg = Debug|Any CPU
		{B9664688-FFAD-496A-BDBC-00579CCA24AD}.Debug|Any CPU.Build.0 = Debug|Any CPU
		{B9664688-FFAD-496A-BDBC-00579CCA24AD}.Release|Any CPU.ActiveCfg = Release|Any CPU
		{B9664688-FFAD-496A-BDBC-00579CCA24AD}.Release|Any CPU.Build.0 = Release|Any CPU
		{212AF4B2-F2B5-43D7-8C74-F2EFC1CA40CF}.Debug|Any CPU.ActiveCfg = Debug|Any CPU
		{212AF4B2-F2B5-43D7-8C74-F2EFC1CA40CF}.Debug|Any CPU.Build.0 = Debug|Any CPU
		{212AF4B2-F2B5-43D7-8C74-F2EFC1CA40CF}.Release|Any CPU.ActiveCfg = Release|Any CPU
		{212AF4B2-F2B5-43D7-8C74-F2EFC1CA40CF}.Release|Any CPU.Build.0 = Release|Any CPU
		{AC436B9C-0498-4252-B5A8-F9A5B11D35BB}.Debug|Any CPU.ActiveCfg = Debug|Any CPU
		{AC436B9C-0498-4252-B5A8-F9A5B11D35BB}.Debug|Any CPU.Build.0 = Debug|Any CPU
		{AC436B9C-0498-4252-B5A8-F9A5B11D35BB}.Release|Any CPU.ActiveCfg = Release|Any CPU
		{AC436B9C-0498-4252-B5A8-F9A5B11D35BB}.Release|Any CPU.Build.0 = Release|Any CPU
		{872D03F5-4618-47D7-9F51-F519EA7F6E73}.Debug|Any CPU.ActiveCfg = Debug|Any CPU
		{872D03F5-4618-47D7-9F51-F519EA7F6E73}.Debug|Any CPU.Build.0 = Debug|Any CPU
		{872D03F5-4618-47D7-9F51-F519EA7F6E73}.Release|Any CPU.ActiveCfg = Release|Any CPU
		{872D03F5-4618-47D7-9F51-F519EA7F6E73}.Release|Any CPU.Build.0 = Release|Any CPU
		{C8E37277-1712-4392-930D-91574F0A7939}.Debug|Any CPU.ActiveCfg = Debug|Any CPU
		{C8E37277-1712-4392-930D-91574F0A7939}.Debug|Any CPU.Build.0 = Debug|Any CPU
		{C8E37277-1712-4392-930D-91574F0A7939}.Release|Any CPU.ActiveCfg = Release|Any CPU
		{C8E37277-1712-4392-930D-91574F0A7939}.Release|Any CPU.Build.0 = Release|Any CPU
		{4194FF68-46E0-4D42-8222-075959508CC4}.Debug|Any CPU.ActiveCfg = Debug|Any CPU
		{4194FF68-46E0-4D42-8222-075959508CC4}.Debug|Any CPU.Build.0 = Debug|Any CPU
		{4194FF68-46E0-4D42-8222-075959508CC4}.Release|Any CPU.ActiveCfg = Release|Any CPU
		{4194FF68-46E0-4D42-8222-075959508CC4}.Release|Any CPU.Build.0 = Release|Any CPU
		{6EE0549F-9F37-41A5-867C-78BCC6E9698F}.Debug|Any CPU.ActiveCfg = Debug|Any CPU
		{6EE0549F-9F37-41A5-867C-78BCC6E9698F}.Debug|Any CPU.Build.0 = Debug|Any CPU
		{6EE0549F-9F37-41A5-867C-78BCC6E9698F}.Release|Any CPU.ActiveCfg = Release|Any CPU
		{6EE0549F-9F37-41A5-867C-78BCC6E9698F}.Release|Any CPU.Build.0 = Release|Any CPU
		{3BF81042-7116-4FCE-8B5A-748A587F4FF3}.Debug|Any CPU.ActiveCfg = Debug|Any CPU
		{3BF81042-7116-4FCE-8B5A-748A587F4FF3}.Debug|Any CPU.Build.0 = Debug|Any CPU
		{3BF81042-7116-4FCE-8B5A-748A587F4FF3}.Release|Any CPU.ActiveCfg = Release|Any CPU
		{3BF81042-7116-4FCE-8B5A-748A587F4FF3}.Release|Any CPU.Build.0 = Release|Any CPU
	EndGlobalSection
	GlobalSection(SolutionProperties) = preSolution
		HideSolutionNode = FALSE
	EndGlobalSection
	GlobalSection(NestedProjects) = preSolution
		{D8947AA5-5084-42F5-B63E-BF6CF05D1277} = {88FE7DFD-DB0F-4EA0-874D-A6484A97EEA8}
		{BFBD0E52-72A6-4565-8D63-A4BD0547FCB0} = {2787E8D0-7AE3-46F8-914C-D412DA1045D2}
		{86B1713E-F28C-40C3-9D65-D035E980CA51} = {D16165E4-B58D-4289-B458-9698EA3FC8B8}
		{E4C4D45A-A5CD-4813-8D94-3FCBD61BCDD0} = {D16165E4-B58D-4289-B458-9698EA3FC8B8}
		{12883A7A-0AFD-4A71-9718-C9AA7CA7FAEE} = {D16165E4-B58D-4289-B458-9698EA3FC8B8}
		{BA3C185C-090C-44D2-A18A-D0488E72ED45} = {D16165E4-B58D-4289-B458-9698EA3FC8B8}
		{B9664688-FFAD-496A-BDBC-00579CCA24AD} = {D16165E4-B58D-4289-B458-9698EA3FC8B8}
		{212AF4B2-F2B5-43D7-8C74-F2EFC1CA40CF} = {29420A9E-72A8-4639-A50A-916957BFD772}
		{AC436B9C-0498-4252-B5A8-F9A5B11D35BB} = {29420A9E-72A8-4639-A50A-916957BFD772}
		{872D03F5-4618-47D7-9F51-F519EA7F6E73} = {D16165E4-B58D-4289-B458-9698EA3FC8B8}
		{C8E37277-1712-4392-930D-91574F0A7939} = {B86F20D9-9304-49A9-AD21-0FB831045C32}
		{4194FF68-46E0-4D42-8222-075959508CC4} = {88FE7DFD-DB0F-4EA0-874D-A6484A97EEA8}
		{6EE0549F-9F37-41A5-867C-78BCC6E9698F} = {2787E8D0-7AE3-46F8-914C-D412DA1045D2}
		{3BF81042-7116-4FCE-8B5A-748A587F4FF3} = {B86F20D9-9304-49A9-AD21-0FB831045C32}
	EndGlobalSection
	GlobalSection(ExtensibilityGlobals) = postSolution
		SolutionGuid = {3A0EEC29-EAE9-4D3A-8608-F06E9F1E28C4}
	EndGlobalSection
EndGlobal
